
Microsoft Visual Studio Solution File, Format Version 12.00
# Visual Studio 15
VisualStudioVersion = 15.0.27703.2042
MinimumVisualStudioVersion = 10.0.40219.1
Project("{9A19103F-16F7-4668-BE54-9A1E7A4F7556}") = "TheHiProgram", "TheHiProgram\TheHiProgram.csproj", "{555A1EF4-0BF2-4F05-A848-C68AD5FF95D0}"
EndProject
Project("{9A19103F-16F7-4668-BE54-9A1E7A4F7556}") = "Age after 10 years", "Age after 10 years\Age after 10 years.csproj", "{113A8F47-E7CE-4C94-8A3F-7614B2312D58}"
EndProject
Project("{FAE04EC0-301F-11D3-BF4B-00C04F79EFBC}") = "TheUniqueNumber", "TheUniqueNumber\TheUniqueNumber.csproj", "{796E74FD-6CD0-4B50-9DFD-FD7CD0101D6C}"
EndProject
Global
	GlobalSection(SolutionConfigurationPlatforms) = preSolution
		Debug|Any CPU = Debug|Any CPU
		Release|Any CPU = Release|Any CPU
	EndGlobalSection
	GlobalSection(ProjectConfigurationPlatforms) = postSolution
		{555A1EF4-0BF2-4F05-A848-C68AD5FF95D0}.Debug|Any CPU.ActiveCfg = Debug|Any CPU
		{555A1EF4-0BF2-4F05-A848-C68AD5FF95D0}.Debug|Any CPU.Build.0 = Debug|Any CPU
		{555A1EF4-0BF2-4F05-A848-C68AD5FF95D0}.Release|Any CPU.ActiveCfg = Release|Any CPU
		{555A1EF4-0BF2-4F05-A848-C68AD5FF95D0}.Release|Any CPU.Build.0 = Release|Any CPU
		{113A8F47-E7CE-4C94-8A3F-7614B2312D58}.Debug|Any CPU.ActiveCfg = Debug|Any CPU
		{113A8F47-E7CE-4C94-8A3F-7614B2312D58}.Debug|Any CPU.Build.0 = Debug|Any CPU
		{113A8F47-E7CE-4C94-8A3F-7614B2312D58}.Release|Any CPU.ActiveCfg = Release|Any CPU
		{113A8F47-E7CE-4C94-8A3F-7614B2312D58}.Release|Any CPU.Build.0 = Release|Any CPU
		{796E74FD-6CD0-4B50-9DFD-FD7CD0101D6C}.Debug|Any CPU.ActiveCfg = Debug|Any CPU
		{796E74FD-6CD0-4B50-9DFD-FD7CD0101D6C}.Debug|Any CPU.Build.0 = Debug|Any CPU
		{796E74FD-6CD0-4B50-9DFD-FD7CD0101D6C}.Release|Any CPU.ActiveCfg = Release|Any CPU
		{796E74FD-6CD0-4B50-9DFD-FD7CD0101D6C}.Release|Any CPU.Build.0 = Release|Any CPU
	EndGlobalSection
	GlobalSection(SolutionProperties) = preSolution
		HideSolutionNode = FALSE
	EndGlobalSection
	GlobalSection(ExtensibilityGlobals) = postSolution
		SolutionGuid = {85EA65AF-689D-481D-956D-61A6F054015E}
	EndGlobalSection
EndGlobal
